
Microsoft Visual Studio Solution File, Format Version 12.00
# Visual Studio Version 16
VisualStudioVersion = 25.0.1703.5
MinimumVisualStudioVersion = 10.0.40219.1
Project("{FAE04EC0-301F-11D3-BF4B-00C04F79EFBC}") = "FitnessApp", "FitnessApp.csproj", "{0C6E9CC5-CEA6-40E9-BA9A-A434A26AE64C}"
EndProject
Global
	GlobalSection(SolutionConfigurationPlatforms) = preSolution
		Debug|Any CPU = Debug|Any CPU
		Release|Any CPU = Release|Any CPU
	EndGlobalSection
	GlobalSection(ProjectConfigurationPlatforms) = postSolution
		{0C6E9CC5-CEA6-40E9-BA9A-A434A26AE64C}.Debug|Any CPU.ActiveCfg = Debug|Any CPU
		{0C6E9CC5-CEA6-40E9-BA9A-A434A26AE64C}.Debug|Any CPU.Build.0 = Debug|Any CPU
		{0C6E9CC5-CEA6-40E9-BA9A-A434A26AE64C}.Release|Any CPU.ActiveCfg = Release|Any CPU
		{0C6E9CC5-CEA6-40E9-BA9A-A434A26AE64C}.Release|Any CPU.Build.0 = Release|Any CPU
	EndGlobalSection
	GlobalSection(SolutionProperties) = preSolution
		HideSolutionNode = FALSE
	EndGlobalSection
	GlobalSection(ExtensibilityGlobals) = postSolution
		SolutionGuid = {95519D0C-B213-4CDD-A43A-936CDFA73442}
	EndGlobalSection
EndGlobal
